// !$*UTF8*$!
{
	archiveVersion = 1;
	classes = {
	};
	objectVersion = 52;
	objects = {

/* Begin PBXBuildFile section */
		5866841725F0ECC500A662ED /* AppDelegate.swift in Sources */ = {isa = PBXBuildFile; fileRef = 5866841625F0ECC500A662ED /* AppDelegate.swift */; };
		5866841925F0ECC500A662ED /* SceneDelegate.swift in Sources */ = {isa = PBXBuildFile; fileRef = 5866841825F0ECC500A662ED /* SceneDelegate.swift */; };
		5866841B25F0ECC500A662ED /* ViewController.swift in Sources */ = {isa = PBXBuildFile; fileRef = 5866841A25F0ECC500A662ED /* ViewController.swift */; };
		5866841E25F0ECC500A662ED /* Main.storyboard in Resources */ = {isa = PBXBuildFile; fileRef = 5866841C25F0ECC500A662ED /* Main.storyboard */; };
		5866842025F0ECC700A662ED /* Assets.xcassets in Resources */ = {isa = PBXBuildFile; fileRef = 5866841F25F0ECC700A662ED /* Assets.xcassets */; };
		5866842325F0ECC700A662ED /* LaunchScreen.storyboard in Resources */ = {isa = PBXBuildFile; fileRef = 5866842125F0ECC700A662ED /* LaunchScreen.storyboard */; };
		5866842D25F0F4A300A662ED /* EventHandlingHomeViewController.swift in Sources */ = {isa = PBXBuildFile; fileRef = 5866842C25F0F4A300A662ED /* EventHandlingHomeViewController.swift */; };
		5866843225F0F75500A662ED /* DescribedView.swift in Sources */ = {isa = PBXBuildFile; fileRef = 5866843125F0F75500A662ED /* DescribedView.swift */; };
		5866843625F0FE6400A662ED /* UIControl+UIGestureRecognizerViewController.swift in Sources */ = {isa = PBXBuildFile; fileRef = 5866843525F0FE6400A662ED /* UIControl+UIGestureRecognizerViewController.swift */; };
		5866843A25F1008300A662ED /* SnapKit in Frameworks */ = {isa = PBXBuildFile; productRef = 5866843925F1008300A662ED /* SnapKit */; };
/* End PBXBuildFile section */

/* Begin PBXFileReference section */
		5866841325F0ECC500A662ED /* iOSInterview.app */ = {isa = PBXFileReference; explicitFileType = wrapper.application; includeInIndex = 0; path = iOSInterview.app; sourceTree = BUILT_PRODUCTS_DIR; };
		5866841625F0ECC500A662ED /* AppDelegate.swift */ = {isa = PBXFileReference; lastKnownFileType = sourcecode.swift; path = AppDelegate.swift; sourceTree = "<group>"; };
		5866841825F0ECC500A662ED /* SceneDelegate.swift */ = {isa = PBXFileReference; lastKnownFileType = sourcecode.swift; path = SceneDelegate.swift; sourceTree = "<group>"; };
		5866841A25F0ECC500A662ED /* ViewController.swift */ = {isa = PBXFileReference; lastKnownFileType = sourcecode.swift; path = ViewController.swift; sourceTree = "<group>"; };
		5866841D25F0ECC500A662ED /* Base */ = {isa = PBXFileReference; lastKnownFileType = file.storyboard; name = Base; path = Base.lproj/Main.storyboard; sourceTree = "<group>"; };
		5866841F25F0ECC700A662ED /* Assets.xcassets */ = {isa = PBXFileReference; lastKnownFileType = folder.assetcatalog; path = Assets.xcassets; sourceTree = "<group>"; };
		5866842225F0ECC700A662ED /* Base */ = {isa = PBXFileReference; lastKnownFileType = file.storyboard; name = Base; path = Base.lproj/LaunchScreen.storyboard; sourceTree = "<group>"; };
		5866842425F0ECC700A662ED /* Info.plist */ = {isa = PBXFileReference; lastKnownFileType = text.plist.xml; path = Info.plist; sourceTree = "<group>"; };
		5866842C25F0F4A300A662ED /* EventHandlingHomeViewController.swift */ = {isa = PBXFileReference; lastKnownFileType = sourcecode.swift; path = EventHandlingHomeViewController.swift; sourceTree = "<group>"; };
		5866843125F0F75500A662ED /* DescribedView.swift */ = {isa = PBXFileReference; lastKnownFileType = sourcecode.swift; path = DescribedView.swift; sourceTree = "<group>"; };
		5866843525F0FE6400A662ED /* UIControl+UIGestureRecognizerViewController.swift */ = {isa = PBXFileReference; lastKnownFileType = sourcecode.swift; path = "UIControl+UIGestureRecognizerViewController.swift"; sourceTree = "<group>"; };
/* End PBXFileReference section */

/* Begin PBXFrameworksBuildPhase section */
		5866841025F0ECC500A662ED /* Frameworks */ = {
			isa = PBXFrameworksBuildPhase;
			buildActionMask = 2147483647;
			files = (
				5866843A25F1008300A662ED /* SnapKit in Frameworks */,
			);
			runOnlyForDeploymentPostprocessing = 0;
		};
/* End PBXFrameworksBuildPhase section */

/* Begin PBXGroup section */
		5866840A25F0ECC500A662ED = {
			isa = PBXGroup;
			children = (
				5866841525F0ECC500A662ED /* iOSInterview */,
				5866841425F0ECC500A662ED /* Products */,
			);
			sourceTree = "<group>";
		};
		5866841425F0ECC500A662ED /* Products */ = {
			isa = PBXGroup;
			children = (
				5866841325F0ECC500A662ED /* iOSInterview.app */,
			);
			name = Products;
			sourceTree = "<group>";
		};
		5866841525F0ECC500A662ED /* iOSInterview */ = {
			isa = PBXGroup;
			children = (
				5866843025F0F67800A662ED /* ReusableUIViews */,
				5866842B25F0F3F600A662ED /* EventHandling */,
				5866841625F0ECC500A662ED /* AppDelegate.swift */,
				5866841825F0ECC500A662ED /* SceneDelegate.swift */,
				5866841A25F0ECC500A662ED /* ViewController.swift */,
				5866841C25F0ECC500A662ED /* Main.storyboard */,
				5866841F25F0ECC700A662ED /* Assets.xcassets */,
				5866842125F0ECC700A662ED /* LaunchScreen.storyboard */,
				5866842425F0ECC700A662ED /* Info.plist */,
			);
			path = iOSInterview;
			sourceTree = "<group>";
		};
		5866842B25F0F3F600A662ED /* EventHandling */ = {
			isa = PBXGroup;
			children = (
				5866842C25F0F4A300A662ED /* EventHandlingHomeViewController.swift */,
				5866843525F0FE6400A662ED /* UIControl+UIGestureRecognizerViewController.swift */,
			);
			path = EventHandling;
			sourceTree = "<group>";
		};
		5866843025F0F67800A662ED /* ReusableUIViews */ = {
			isa = PBXGroup;
			children = (
				5866843125F0F75500A662ED /* DescribedView.swift */,
			);
			path = ReusableUIViews;
			sourceTree = "<group>";
		};
/* End PBXGroup section */

/* Begin PBXNativeTarget section */
		5866841225F0ECC500A662ED /* iOSInterview */ = {
			isa = PBXNativeTarget;
			buildConfigurationList = 5866842725F0ECC700A662ED /* Build configuration list for PBXNativeTarget "iOSInterview" */;
			buildPhases = (
				5866840F25F0ECC500A662ED /* Sources */,
				5866841025F0ECC500A662ED /* Frameworks */,
				5866841125F0ECC500A662ED /* Resources */,
			);
			buildRules = (
			);
			dependencies = (
			);
			name = iOSInterview;
			packageProductDependencies = (
				5866843925F1008300A662ED /* SnapKit */,
			);
			productName = iOSInterview;
			productReference = 5866841325F0ECC500A662ED /* iOSInterview.app */;
			productType = "com.apple.product-type.application";
		};
/* End PBXNativeTarget section */

/* Begin PBXProject section */
		5866840B25F0ECC500A662ED /* Project object */ = {
			isa = PBXProject;
			attributes = {
				LastSwiftUpdateCheck = 1240;
				LastUpgradeCheck = 1240;
				TargetAttributes = {
					5866841225F0ECC500A662ED = {
						CreatedOnToolsVersion = 12.4;
					};
				};
			};
			buildConfigurationList = 5866840E25F0ECC500A662ED /* Build configuration list for PBXProject "iOSInterview" */;
			compatibilityVersion = "Xcode 9.3";
			developmentRegion = en;
			hasScannedForEncodings = 0;
			knownRegions = (
				en,
				Base,
			);
			mainGroup = 5866840A25F0ECC500A662ED;
			packageReferences = (
				5866843825F1008300A662ED /* XCRemoteSwiftPackageReference "SnapKit" */,
			);
			productRefGroup = 5866841425F0ECC500A662ED /* Products */;
			projectDirPath = "";
			projectRoot = "";
			targets = (
				5866841225F0ECC500A662ED /* iOSInterview */,
			);
		};
/* End PBXProject section */

/* Begin PBXResourcesBuildPhase section */
		5866841125F0ECC500A662ED /* Resources */ = {
			isa = PBXResourcesBuildPhase;
			buildActionMask = 2147483647;
			files = (
				5866842325F0ECC700A662ED /* LaunchScreen.storyboard in Resources */,
				5866842025F0ECC700A662ED /* Assets.xcassets in Resources */,
				5866841E25F0ECC500A662ED /* Main.storyboard in Resources */,
			);
			runOnlyForDeploymentPostprocessing = 0;
		};
/* End PBXResourcesBuildPhase section */

/* Begin PBXSourcesBuildPhase section */
		5866840F25F0ECC500A662ED /* Sources */ = {
			isa = PBXSourcesBuildPhase;
			buildActionMask = 2147483647;
			files = (
				5866841B25F0ECC500A662ED /* ViewController.swift in Sources */,
				5866841725F0ECC500A662ED /* AppDelegate.swift in Sources */,
				5866843225F0F75500A662ED /* DescribedView.swift in Sources */,
				5866841925F0ECC500A662ED /* SceneDelegate.swift in Sources */,
				5866843625F0FE6400A662ED /* UIControl+UIGestureRecognizerViewController.swift in Sources */,
				5866842D25F0F4A300A662ED /* EventHandlingHomeViewController.swift in Sources */,
			);
			runOnlyForDeploymentPostprocessing = 0;
		};
/* End PBXSourcesBuildPhase section */

/* Begin PBXVariantGroup section */
		5866841C25F0ECC500A662ED /* Main.storyboard */ = {
			isa = PBXVariantGroup;
			children = (
				5866841D25F0ECC500A662ED /* Base */,
			);
			name = Main.storyboard;
			sourceTree = "<group>";
		};
		5866842125F0ECC700A662ED /* LaunchScreen.storyboard */ = {
			isa = PBXVariantGroup;
			children = (
				5866842225F0ECC700A662ED /* Base */,
			);
			name = LaunchScreen.storyboard;
			sourceTree = "<group>";
		};
/* End PBXVariantGroup section */

/* Begin XCBuildConfiguration section */
		5866842525F0ECC700A662ED /* Debug */ = {
			isa = XCBuildConfiguration;
			buildSettings = {
				ALWAYS_SEARCH_USER_PATHS = NO;
				CLANG_ANALYZER_NONNULL = YES;
				CLANG_ANALYZER_NUMBER_OBJECT_CONVERSION = YES_AGGRESSIVE;
				CLANG_CXX_LANGUAGE_STANDARD = "gnu++14";
				CLANG_CXX_LIBRARY = "libc++";
				CLANG_ENABLE_MODULES = YES;
				CLANG_ENABLE_OBJC_ARC = YES;
				CLANG_ENABLE_OBJC_WEAK = YES;
				CLANG_WARN_BLOCK_CAPTURE_AUTORELEASING = YES;
				CLANG_WARN_BOOL_CONVERSION = YES;
				CLANG_WARN_COMMA = YES;
				CLANG_WARN_CONSTANT_CONVERSION = YES;
				CLANG_WARN_DEPRECATED_OBJC_IMPLEMENTATIONS = YES;
				CLANG_WARN_DIRECT_OBJC_ISA_USAGE = YES_ERROR;
				CLANG_WARN_DOCUMENTATION_COMMENTS = YES;
				CLANG_WARN_EMPTY_BODY = YES;
				CLANG_WARN_ENUM_CONVERSION = YES;
				CLANG_WARN_INFINITE_RECURSION = YES;
				CLANG_WARN_INT_CONVERSION = YES;
				CLANG_WARN_NON_LITERAL_NULL_CONVERSION = YES;
				CLANG_WARN_OBJC_IMPLICIT_RETAIN_SELF = YES;
				CLANG_WARN_OBJC_LITERAL_CONVERSION = YES;
				CLANG_WARN_OBJC_ROOT_CLASS = YES_ERROR;
				CLANG_WARN_QUOTED_INCLUDE_IN_FRAMEWORK_HEADER = YES;
				CLANG_WARN_RANGE_LOOP_ANALYSIS = YES;
				CLANG_WARN_STRICT_PROTOTYPES = YES;
				CLANG_WARN_SUSPICIOUS_MOVE = YES;
				CLANG_WARN_UNGUARDED_AVAILABILITY = YES_AGGRESSIVE;
				CLANG_WARN_UNREACHABLE_CODE = YES;
				CLANG_WARN__DUPLICATE_METHOD_MATCH = YES;
				COPY_PHASE_STRIP = NO;
				DEBUG_INFORMATION_FORMAT = dwarf;
				ENABLE_STRICT_OBJC_MSGSEND = YES;
				ENABLE_TESTABILITY = YES;
				GCC_C_LANGUAGE_STANDARD = gnu11;
				GCC_DYNAMIC_NO_PIC = NO;
				GCC_NO_COMMON_BLOCKS = YES;
				GCC_OPTIMIZATION_LEVEL = 0;
				GCC_PREPROCESSOR_DEFINITIONS = (
					"DEBUG=1",
					"$(inherited)",
				);
				GCC_WARN_64_TO_32_BIT_CONVERSION = YES;
				GCC_WARN_ABOUT_RETURN_TYPE = YES_ERROR;
				GCC_WARN_UNDECLARED_SELECTOR = YES;
				GCC_WARN_UNINITIALIZED_AUTOS = YES_AGGRESSIVE;
				GCC_WARN_UNUSED_FUNCTION = YES;
				GCC_WARN_UNUSED_VARIABLE = YES;
				IPHONEOS_DEPLOYMENT_TARGET = 14.4;
				MTL_ENABLE_DEBUG_INFO = INCLUDE_SOURCE;
				MTL_FAST_MATH = YES;
				ONLY_ACTIVE_ARCH = YES;
				SDKROOT = iphoneos;
				SWIFT_ACTIVE_COMPILATION_CONDITIONS = DEBUG;
				SWIFT_OPTIMIZATION_LEVEL = "-Onone";
			};
			name = Debug;
		};
		5866842625F0ECC700A662ED /* Release */ = {
			isa = XCBuildConfiguration;
			buildSettings = {
				ALWAYS_SEARCH_USER_PATHS = NO;
				CLANG_ANALYZER_NONNULL = YES;
				CLANG_ANALYZER_NUMBER_OBJECT_CONVERSION = YES_AGGRESSIVE;
				CLANG_CXX_LANGUAGE_STANDARD = "gnu++14";
				CLANG_CXX_LIBRARY = "libc++";
				CLANG_ENABLE_MODULES = YES;
				CLANG_ENABLE_OBJC_ARC = YES;
				CLANG_ENABLE_OBJC_WEAK = YES;
				CLANG_WARN_BLOCK_CAPTURE_AUTORELEASING = YES;
				CLANG_WARN_BOOL_CONVERSION = YES;
				CLANG_WARN_COMMA = YES;
				CLANG_WARN_CONSTANT_CONVERSION = YES;
				CLANG_WARN_DEPRECATED_OBJC_IMPLEMENTATIONS = YES;
				CLANG_WARN_DIRECT_OBJC_ISA_USAGE = YES_ERROR;
				CLANG_WARN_DOCUMENTATION_COMMENTS = YES;
				CLANG_WARN_EMPTY_BODY = YES;
				CLANG_WARN_ENUM_CONVERSION = YES;
				CLANG_WARN_INFINITE_RECURSION = YES;
				CLANG_WARN_INT_CONVERSION = YES;
				CLANG_WARN_NON_LITERAL_NULL_CONVERSION = YES;
				CLANG_WARN_OBJC_IMPLICIT_RETAIN_SELF = YES;
				CLANG_WARN_OBJC_LITERAL_CONVERSION = YES;
				CLANG_WARN_OBJC_ROOT_CLASS = YES_ERROR;
				CLANG_WARN_QUOTED_INCLUDE_IN_FRAMEWORK_HEADER = YES;
				CLANG_WARN_RANGE_LOOP_ANALYSIS = YES;
				CLANG_WARN_STRICT_PROTOTYPES = YES;
				CLANG_WARN_SUSPICIOUS_MOVE = YES;
				CLANG_WARN_UNGUARDED_AVAILABILITY = YES_AGGRESSIVE;
				CLANG_WARN_UNREACHABLE_CODE = YES;
				CLANG_WARN__DUPLICATE_METHOD_MATCH = YES;
				COPY_PHASE_STRIP = NO;
				DEBUG_INFORMATION_FORMAT = "dwarf-with-dsym";
				ENABLE_NS_ASSERTIONS = NO;
				ENABLE_STRICT_OBJC_MSGSEND = YES;
				GCC_C_LANGUAGE_STANDARD = gnu11;
				GCC_NO_COMMON_BLOCKS = YES;
				GCC_WARN_64_TO_32_BIT_CONVERSION = YES;
				GCC_WARN_ABOUT_RETURN_TYPE = YES_ERROR;
				GCC_WARN_UNDECLARED_SELECTOR = YES;
				GCC_WARN_UNINITIALIZED_AUTOS = YES_AGGRESSIVE;
				GCC_WARN_UNUSED_FUNCTION = YES;
				GCC_WARN_UNUSED_VARIABLE = YES;
				IPHONEOS_DEPLOYMENT_TARGET = 14.4;
				MTL_ENABLE_DEBUG_INFO = NO;
				MTL_FAST_MATH = YES;
				SDKROOT = iphoneos;
				SWIFT_COMPILATION_MODE = wholemodule;
				SWIFT_OPTIMIZATION_LEVEL = "-O";
				VALIDATE_PRODUCT = YES;
			};
			name = Release;
		};
		5866842825F0ECC700A662ED /* Debug */ = {
			isa = XCBuildConfiguration;
			buildSettings = {
				ASSETCATALOG_COMPILER_APPICON_NAME = AppIcon;
				ASSETCATALOG_COMPILER_GLOBAL_ACCENT_COLOR_NAME = AccentColor;
				CODE_SIGN_STYLE = Automatic;
				DEVELOPMENT_TEAM = ZSW87ATAYZ;
				INFOPLIST_FILE = iOSInterview/Info.plist;
				LD_RUNPATH_SEARCH_PATHS = (
					"$(inherited)",
					"@executable_path/Frameworks",
				);
				PRODUCT_BUNDLE_IDENTIFIER = houyixian.iOSInterview;
				PRODUCT_NAME = "$(TARGET_NAME)";
				SWIFT_VERSION = 5.0;
				TARGETED_DEVICE_FAMILY = "1,2";
			};
			name = Debug;
		};
		5866842925F0ECC700A662ED /* Release */ = {
			isa = XCBuildConfiguration;
			buildSettings = {
				ASSETCATALOG_COMPILER_APPICON_NAME = AppIcon;
				ASSETCATALOG_COMPILER_GLOBAL_ACCENT_COLOR_NAME = AccentColor;
				CODE_SIGN_STYLE = Automatic;
				DEVELOPMENT_TEAM = ZSW87ATAYZ;
				INFOPLIST_FILE = iOSInterview/Info.plist;
				LD_RUNPATH_SEARCH_PATHS = (
					"$(inherited)",
					"@executable_path/Frameworks",
				);
				PRODUCT_BUNDLE_IDENTIFIER = houyixian.iOSInterview;
				PRODUCT_NAME = "$(TARGET_NAME)";
				SWIFT_VERSION = 5.0;
				TARGETED_DEVICE_FAMILY = "1,2";
			};
			name = Release;
		};
/* End XCBuildConfiguration section */

/* Begin XCConfigurationList section */
		5866840E25F0ECC500A662ED /* Build configuration list for PBXProject "iOSInterview" */ = {
			isa = XCConfigurationList;
			buildConfigurations = (
				5866842525F0ECC700A662ED /* Debug */,
				5866842625F0ECC700A662ED /* Release */,
			);
			defaultConfigurationIsVisible = 0;
			defaultConfigurationName = Release;
		};
		5866842725F0ECC700A662ED /* Build configuration list for PBXNativeTarget "iOSInterview" */ = {
			isa = XCConfigurationList;
			buildConfigurations = (
				5866842825F0ECC700A662ED /* Debug */,
				5866842925F0ECC700A662ED /* Release */,
			);
			defaultConfigurationIsVisible = 0;
			defaultConfigurationName = Release;
		};
/* End XCConfigurationList section */

/* Begin XCRemoteSwiftPackageReference section */
		5866843825F1008300A662ED /* XCRemoteSwiftPackageReference "SnapKit" */ = {
			isa = XCRemoteSwiftPackageReference;
			repositoryURL = "https://github.com/SnapKit/SnapKit.git";
			requirement = {
				kind = upToNextMajorVersion;
				minimumVersion = 5.0.1;
			};
		};
/* End XCRemoteSwiftPackageReference section */

/* Begin XCSwiftPackageProductDependency section */
		5866843925F1008300A662ED /* SnapKit */ = {
			isa = XCSwiftPackageProductDependency;
			package = 5866843825F1008300A662ED /* XCRemoteSwiftPackageReference "SnapKit" */;
			productName = SnapKit;
		};
/* End XCSwiftPackageProductDependency section */
	};
	rootObject = 5866840B25F0ECC500A662ED /* Project object */;
}
